{
    "name": "Kaiwen-First-repo",
    "lockfileVersion": 3,
    "requires": true,
    "packages": {
        "": {
            "dependencies": {
                "expo-status-bar": "~1.11.1"
            }
        },
        "node_modules/expo-status-bar": {
            "version": "1.11.1",
            "resolved": "https://registry.npmjs.org/expo-status-bar/-/expo-status-bar-1.11.1.tgz",
            "integrity": "sha512-ddQEtCOgYHTLlFUe/yH67dDBIoct5VIULthyT3LRJbEwdpzAgueKsX2FYK02ldh440V87PWKCamh7R9evk1rrg=="
        }
    }
}
